filippo.io/edwards25519 v1.1.0 h1:FNf4tywRC1HmFuKW5xopWpigGjJKiJSV0Cqo0cJWDaA=
filippo.io/edwards25519 v1.1.0/go.mod h1:BxyFTGdWcka3PhytdK4V28tE5sGfRvvvRV7EaN4VDT4=
github.com/beorn7/perks v1.0.1 h1:VlbKKnNfV8bJzeqoa4cOKqO6bYr3WgKZxO8Z16+hsOM=
github.com/beorn7/perks v1.0.1/go.mod h1:G2ZrVWU2WbWT9wwq4/hrbKbnv/1ERSJQ0ibhJ6rlkpw=
github.com/cespare/xxhash/v2 v2.3.0 h1:UL815xU9SqsFlibzuggzjXhog7bL6oX9BbNZnL2UFvs=
github.com/cespare/xxhash/v2 v2.3.0/go.mod h1:VGX0DQ3Q6kWi7AoAeZDth3/j3BFtOZR5XLFGgcrjCOs=
github.com/davecgh/go-spew v1.1.1 h1:vj9j/u1bqnvCEfJOwUhtlOARqs3+rkHYY13jYWTU97c=
github.com/davecgh/go-spew v1.1.1/go.mod h1:J7Y8YcW2NihsgmVo/mv3lAwl/skON4iLHjSsI+c5H38=
github.com/go-sql-driver/mysql v1.8.1 h1:LedoTUt/eveggdHS9qUFC1EFSa8bU2+1pZjSRpvNJ1Y=
github.com/go-sql-driver/mysql v1.8.1/go.mod h1:wEBSXgmK//2ZFJyE+qWnIsVGmvmEKlqwuVSjsCm7DZg=
github.com/google/go-cmp v0.6.0 h1:ofyhxvXcZhMsU5ulbFiLKl/XBFqE1GSq7atu8tAmTRI=
github.com/google/go-cmp v0.6.0/go.mod h1:17dUlkBOakJ0+DkrSSNjCkIjxS6bF9zb3elmeNGIjoY=
github.com/josharian/intern v1.0.0 h1:vlS4z54oSdjm0bgjRigI+G1HpF+tI+9rE5LLzOg8HmY=
github.com/josharian/intern v1.0.0/go.mod h1:5DoeVV0s6jJacbCEi61lwdGj/aVlrQvzHFFd8Hwg//Y=
github.com/klauspost/compress v1.17.9 h1:6KIumPrER1LHsvBVuDa0r5xaG0Es51mhhB9BQB2qeMA=
github.com/klauspost/compress v1.17.9/go.mod h1:Di0epgTjJY877eYKx5yC51cX2A2Vl2ibi7bDH9ttBbw=
github.com/kr/pretty v0.3.1 h1:flRD4NNwYAUpkphVc1HcthR4KEIFJ65n8Mw5qdRn3LE=
github.com/kr/pretty v0.3.1/go.mod h1:hoEshYVHaxMs3cyo3Yncou5ZscifuDolrwPKZanG3xk=
github.com/kr/text v0.2.0 h1:5Nx0Ya0ZqY2ygV366QzturHI13Jq95ApcVaJBhpS+AY=
github.com/kr/text v0.2.0/go.mod h1:eLer722TekiGuMkidMxC/pM04lWEeraHUUmBw8l2grE=
github.com/kylelemons/godebug v1.1.0 h1:RPNrshWIDI6G2gRW9EHilWtl7Z6Sb1BR0xunSBf0SNc=
github.com/kylelemons/godebug v1.1.0/go.mod h1:9/0rRGxNHcop5bhtWyNeEfOS8JIWk580+fNqagV/RAw=
github.com/lib/pq v1.10.9 h1:YXG7RB+JIjhP29X+OtkiDnYaXQwpS4JEWq7dtCCRUEw=
github.com/lib/pq v1.10.9/go.mod h1:AlVN5x4E4T544tWzH6hKfbfQvm3HdbOxrmggDNAPY9o=
github.com/mailru/easyjson v0.7.7 h1:UGYAvKxe3sBsEDzO8ZeWOSlIQfWFlxbzLZe7hwFURr0=
github.com/mailru/easyjson v0.7.7/go.mod h1:xzfreul335JAWq5oZzymOObrkdz5UnU4kGfJJLY9Nlc=
github.com/mattn/go-sqlite3 v1.14.23 h1:gbShiuAP1W5j9UOksQ06aiiqPMxYecovVGwmTxWtuw0=
github.com/mattn/go-sqlite3 v1.14.23/go.mod h1:Uh1q+B4BYcTPb+yiD3kU8Ct7aC0hY9fxUwlHK0RXw+Y=
github.com/miekg/dns v1.1.62 h1:cN8OuEF1/x5Rq6Np+h1epln8OiyPWV+lROx9LxcGgIQ=
github.com/miekg/dns v1.1.62/go.mod h1:mvDlcItzm+br7MToIKqkglaGhlFMHJ9DTNNWONWXbNQ=
github.com/munnerz/goautoneg v0.0.0-20191010083416-a7dc8b61c822 h1:C3w9PqII01/Oq1c1nUAm88MOHcQC9l5mIlSMApZMrHA=
github.com/munnerz/goautoneg v0.0.0-20191010083416-a7dc8b61c822/go.mod h1:+n7T8mK8HuQTcFwEeznm/DIxMOiR9yIdICNftLE1DvQ=
github.com/pmezard/go-difflib v1.0.0 h1:4DBwDE0NGyQoBHbLQYPwSUPoCMWR5BEzIk/f1lZbAQM=
github.com/pmezard/go-difflib v1.0.0/go.mod h1:iKH77koFhYxTK1pcRnkKkqfTogsbg7gZNVY4sRDYZ/4=
github.com/prometheus/client_golang v1.20.4 h1:Tgh3Yr67PaOv/uTqloMsCEdeuFTatm5zIq5+qNN23vI=
github.com/prometheus/client_golang v1.20.4/go.mod h1:PIEt8X02hGcP8JWbeHyeZ53Y/jReSnHgO035n//V5WE=
github.com/prometheus/client_model v0.6.1 h1:ZKSh/rekM+n3CeS952MLRAdFwIKqeY8b62p8ais2e9E=
github.com/prometheus/client_model v0.6.1/go.mod h1:OrxVMOVHjw3lKMa8+x6HeMGkHMQyHDk9E3jmP2AmGiY=
github.com/prometheus/common v0.55.0 h1:KEi6DK7lXW/m7Ig5i47x0vRzuBsHuvJdi5ee6Y3G1dc=
github.com/prometheus/common v0.55.0/go.mod h1:2SECS4xJG1kd8XF9IcM1gMX6510RAEL65zxzNImwdc8=
github.com/prometheus/procfs v0.15.1 h1:YagwOFzUgYfKKHX6Dr+sHT7km/hxC76UB0learggepc=
github.com/prometheus/procfs v0.15.1/go.mod h1:fB45yRUv8NstnjriLhBQLuOUt+WW4BsoGhij/e3PBqk=
github.com/rogpeppe/go-internal v1.10.0 h1:TMyTOH3F/DB16zRVcYyreMH6GnZZrwQVAoYjRBZyWFQ=
github.com/rogpeppe/go-internal v1.10.0/go.mod h1:UQnix2H7Ngw/k4C5ijL5+65zddjncjaFoBhdsK/akog=
github.com/stretchr/testify v1.9.0 h1:HtqpIVDClZ4nwg75+f6Lvsy/wHu+3BoSGCbBAcpTsTg=
github.com/stretchr/testify v1.9.0/go.mod h1:r2ic/lqez/lEtzL7wO/rwa5dbSLXVDPFyf8C91i36aY=
go.osspkg.com/algorithms v1.4.1 h1:yCXiNHu+MGiUYU7wFsCg2Q0drLPnu1q13cIrPAHDlXU=
go.osspkg.com/algorithms v1.4.1/go.mod h1:JarWCfCmgxBkk2tA/ABeHScK9WN8azu+bEc27+dF/Gw=
go.osspkg.com/casecheck v0.3.0 h1:x15blEszElbrHrEH5H02JIIhGIg/lGZzIt1kQlD3pwM=
go.osspkg.com/casecheck v0.3.0/go.mod h1:TRFXDMFJEOtnlp3ET2Hix3osbxwPWhvaiT/HfD3+gBA=
go.osspkg.com/config v0.1.2 h1:CxDEVGoYUx4BfuG6xmKlYp6y2hOvbUBf+5muEu34QQo=
go.osspkg.com/config v0.1.2/go.mod h1:+LdWszZhwqASETll0nUJLlozqR8DEdtmGxWLXHygHRg=
go.osspkg.com/console v0.3.3 h1:UB/pPoPsgWbyNFix8pEMQHbsXdMv/UK/dgsbRknCH2A=
go.osspkg.com/console v0.3.3/go.mod h1:IknBCliH6mX/ogHa6wbycnGDFYixCGH3WuNc5W5tQe8=
go.osspkg.com/encrypt v0.3.4 h1:YO9mf8E8AGscmH1MtRfNr+QFRLBfjdUtMlqxELJDuZY=
go.osspkg.com/encrypt v0.3.4/go.mod h1:1HywEHDE4fOBBhJ6QZ2ELrJNlQ6iSfxE3VzFMKPH+hE=
go.osspkg.com/errors v0.3.1 h1:F9m/EEd/Ot2jba/TV7tvVRIpWXzIpNLc7vRJKcBD86A=
go.osspkg.com/errors v0.3.1/go.mod h1:dKXe6Rt07nzY7OyKQNZ8HGBicZ2uQ5TKEoVFnVFOK44=
go.osspkg.com/events v0.3.0 h1:W2IngTsKs0BKYIglqhrETwtpo6uNSZXWRIt0/l7c6dY=
go.osspkg.com/events v0.3.0/go.mod h1:Cjpx+qNM1y2MIAygFyZWYagTuRiYirmKppZQdaZumd4=
go.osspkg.com/goppy/v2 v2.1.1-0.20240929023410-c39cf0c8297f h1:10nRpnbBSvCXB/+mjovHU20r3j2QAcRv1cQyz0yj2tc=
go.osspkg.com/goppy/v2 v2.1.1-0.20240929023410-c39cf0c8297f/go.mod h1:O9d52rxWqhHeegni/WTKqUWciRaaC/q/8U2/OYnSNS8=
go.osspkg.com/grape v1.2.0 h1:4t/AadlqH7kkoUFVn3u65RqOCaYQOHmkiuCulauWeAE=
go.osspkg.com/grape v1.2.0/go.mod h1:/BpreooYFHz+VdKei4ANaYdxl0qcPXU9amT0MODg17c=
go.osspkg.com/ioutils v0.4.7 h1:ERr37BhApkVH34Ebq2yPY+50p38bElSns6pX64wVsyw=
go.osspkg.com/ioutils v0.4.7/go.mod h1:58HhG2NHf9JUtixAH3R2XISlUmJruwVIUZ3039QVjOY=
go.osspkg.com/logx v0.4.1 h1:EAzp6EfUmx3YurJrIO2heXIGLimi/RwlnxbM8Lpe8jY=
go.osspkg.com/logx v0.4.1/go.mod h1:hz0oh9mu6Wo4+K6Yk59EbqYVj504FWqSDhEi71btM5g=
go.osspkg.com/network v0.4.2 h1:mRJLcXu6KSKX2GkB3lPdL+aZl4vciHnm7W6j4vR6F3E=
go.osspkg.com/network v0.4.2/go.mod h1:9wbfsv7vaH+eJ9Pd6/dutqON4DV5fwN35FXiHhtpt6k=
go.osspkg.com/random v0.3.1 h1:bD3lJUKnLk7DsmF86PsmgDy3K56BFoo5KbxiF4kx20o=
go.osspkg.com/random v0.3.1/go.mod h1:6gWEblgbMt6EMIJG/KPz+YiLzvuxGtHj54TK4BeBzIE=
go.osspkg.com/routine v0.3.1 h1:R0o4P0Ml5eoeHc2DiHjRvHBo/XXrW5nJNqIj3ToRzjg=
go.osspkg.com/routine v0.3.1/go.mod h1:z5AvvTbB19/tt1E5JOb4POhK1tOPgmejajgao/IWn4s=
go.osspkg.com/static v1.4.0 h1:2uy4/11c0QP+QLMucKQZbAU+e6lhVHKw5dWJPTk/DBg=
go.osspkg.com/static v1.4.0/go.mod h1:94YydVU3qUtb1J534486lpm+qg6CviQjqtxKlkpSppM=
go.osspkg.com/syncing v0.3.0 h1:yBkCsDPEt12a+qagInFFt7+ZongfT+GjSQl7nBmcybI=
go.osspkg.com/syncing v0.3.0/go.mod h1:Dpe0ljlEG6cI2Y9PxEjKiYEX2sgs1eUjWNVjFu4/iB0=
go.osspkg.com/validate v0.1.0 h1:pYBuChZbsaq01Z6Gxlp7zyq8VkhKXzsuAVFaSUWrcXc=
go.osspkg.com/validate v0.1.0/go.mod h1:Z9hKSBTOW041moaEkouNldHVmRq7B1t49xqs16eTnp0=
go.osspkg.com/xc v0.3.1 h1:6De75eXdP9CVXqgQOcCWLPyAqFw9zP5lM6rV9MLGiCE=
go.osspkg.com/xc v0.3.1/go.mod h1:6dUG4Y/Q2NMhc5vYrNy0ehWIaHQtAi+MFfc22onQHEs=
golang.org/x/mod v0.21.0 h1:vvrHzRwRfVKSiLrG+d4FMl/Qi4ukBCE6kZlTUkDYRT0=
golang.org/x/mod v0.21.0/go.mod h1:6SkKJ3Xj0I0BrPOZoBy3bdMptDDU9oJrpohJ3eWZ1fY=
golang.org/x/net v0.27.0 h1:5K3Njcw06/l2y9vpGCSdcxWOYHOUk3dVNGDXN+FvAys=
golang.org/x/net v0.27.0/go.mod h1:dDi0PyhWNoiUOrAS8uXv/vnScO4wnHQO4mj9fn/RytE=
golang.org/x/sync v0.7.0 h1:YsImfSBoP9QPYL0xyKJPq0gcaJdG3rInoqxTWbfQu9M=
golang.org/x/sync v0.7.0/go.mod h1:Czt+wKu1gCyEFDUtn0jG5QVvpJ6rzVqr5aXyt9drQfk=
golang.org/x/sys v0.24.0 h1:Twjiwq9dn6R1fQcyiK+wQyHWfaz/BJB+YIpzU/Cv3Xg=
golang.org/x/sys v0.24.0/go.mod h1:/VUhepiaJMQUp4+oa/7Zr1D23ma6VTLIYjOOTFZPUcA=
golang.org/x/tools v0.22.0 h1:gqSGLZqv+AI9lIQzniJ0nZDRG5GBPsSi+DRNHWNz6yA=
golang.org/x/tools v0.22.0/go.mod h1:aCwcsjqvq7Yqt6TNyX7QMU2enbQ/Gt0bo6krSeEri+c=
google.golang.org/protobuf v1.34.2 h1:6xV6lTsCfpGD21XK49h7MhtcApnLqkfYgPcdHftf6hg=
google.golang.org/protobuf v1.34.2/go.mod h1:qYOHts0dSfpeUzUFpOMr/WGzszTmLH+DiWniOlNbLDw=
gopkg.in/check.v1 v0.0.0-20161208181325-20d25e280405/go.mod h1:Co6ibVJAznAaIkqp8huTwlJQCZ016jof/cbN4VW5Yz0=
gopkg.in/check.v1 v1.0.0-20201130134442-10cb98267c6c h1:Hei/4ADfdWqJk1ZMxUNpqntNwaWcugrBjAiHlqqRiVk=
gopkg.in/check.v1 v1.0.0-20201130134442-10cb98267c6c/go.mod h1:JHkPIbrfpd72SG/EVd6muEfDQjcINNoR0C8j2r3qZ4Q=
gopkg.in/yaml.v3 v3.0.1 h1:fxVm/GzAzEWqLHuvctI91KS9hhNmmWOoWu0XTYJS7CA=
gopkg.in/yaml.v3 v3.0.1/go.mod h1:K4uyk7z7BCEPqu6E+C64Yfv1cQ7kz7rIZviUmN+EgEM=
